
Microsoft Visual Studio Solution File, Format Version 12.00
# Visual Studio Version 17
VisualStudioVersion = 17.10.35004.147
MinimumVisualStudioVersion = 10.0.40219.1
Project("{FAE04EC0-301F-11D3-BF4B-00C04F79EFBC}") = "X10Card.Android", "X10Card\X10Card.Android\X10Card.Android.csproj", "{209BB012-F21A-4CFC-9DF0-A8C065F5FC4E}"
EndProject
Project("{FAE04EC0-301F-11D3-BF4B-00C04F79EFBC}") = "X10Card.iOS", "X10Card\X10Card.iOS\X10Card.iOS.csproj", "{2BE26B90-FE9E-4CF1-B684-186D0DBE1D2F}"
EndProject
Project("{9A19103F-16F7-4668-BE54-9A1E7A4F7556}") = "X10Card", "X10Card\X10Card\X10Card.csproj", "{975D5D41-6055-46EF-BE1A-5AB2B4B284B2}"
EndProject
Global
	GlobalSection(SolutionConfigurationPlatforms) = preSolution
		Debug|Any CPU = Debug|Any CPU
		Debug|iPhone = Debug|iPhone
		Debug|iPhoneSimulator = Debug|iPhoneSimulator
		Release|Any CPU = Release|Any CPU
		Release|iPhone = Release|iPhone
		Release|iPhoneSimulator = Release|iPhoneSimulator
	EndGlobalSection
	GlobalSection(ProjectConfigurationPlatforms) = postSolution
		{209BB012-F21A-4CFC-9DF0-A8C065F5FC4E}.Debug|Any CPU.ActiveCfg = Debug|Any CPU
		{209BB012-F21A-4CFC-9DF0-A8C065F5FC4E}.Debug|Any CPU.Build.0 = Debug|Any CPU
		{209BB012-F21A-4CFC-9DF0-A8C065F5FC4E}.Debug|Any CPU.Deploy.0 = Debug|Any CPU
		{209BB012-F21A-4CFC-9DF0-A8C065F5FC4E}.Debug|iPhone.ActiveCfg = Debug|Any CPU
		{209BB012-F21A-4CFC-9DF0-A8C065F5FC4E}.Debug|iPhone.Build.0 = Debug|Any CPU
		{209BB012-F21A-4CFC-9DF0-A8C065F5FC4E}.Debug|iPhoneSimulator.ActiveCfg = Debug|Any CPU
		{209BB012-F21A-4CFC-9DF0-A8C065F5FC4E}.Debug|iPhoneSimulator.Build.0 = Debug|Any CPU
		{209BB012-F21A-4CFC-9DF0-A8C065F5FC4E}.Release|Any CPU.ActiveCfg = Release|Any CPU
		{209BB012-F21A-4CFC-9DF0-A8C065F5FC4E}.Release|Any CPU.Build.0 = Release|Any CPU
		{209BB012-F21A-4CFC-9DF0-A8C065F5FC4E}.Release|Any CPU.Deploy.0 = Release|Any CPU
		{209BB012-F21A-4CFC-9DF0-A8C065F5FC4E}.Release|iPhone.ActiveCfg = Release|Any CPU
		{209BB012-F21A-4CFC-9DF0-A8C065F5FC4E}.Release|iPhone.Build.0 = Release|Any CPU
		{209BB012-F21A-4CFC-9DF0-A8C065F5FC4E}.Release|iPhoneSimulator.ActiveCfg = Release|Any CPU
		{209BB012-F21A-4CFC-9DF0-A8C065F5FC4E}.Release|iPhoneSimulator.Build.0 = Release|Any CPU
		{2BE26B90-FE9E-4CF1-B684-186D0DBE1D2F}.Debug|Any CPU.ActiveCfg = Debug|iPhoneSimulator
		{2BE26B90-FE9E-4CF1-B684-186D0DBE1D2F}.Debug|Any CPU.Build.0 = Debug|iPhoneSimulator
		{2BE26B90-FE9E-4CF1-B684-186D0DBE1D2F}.Debug|iPhone.ActiveCfg = Debug|iPhone
		{2BE26B90-FE9E-4CF1-B684-186D0DBE1D2F}.Debug|iPhone.Build.0 = Debug|iPhone
		{2BE26B90-FE9E-4CF1-B684-186D0DBE1D2F}.Debug|iPhoneSimulator.ActiveCfg = Debug|iPhoneSimulator
		{2BE26B90-FE9E-4CF1-B684-186D0DBE1D2F}.Debug|iPhoneSimulator.Build.0 = Debug|iPhoneSimulator
		{2BE26B90-FE9E-4CF1-B684-186D0DBE1D2F}.Release|Any CPU.ActiveCfg = Release|iPhoneSimulator
		{2BE26B90-FE9E-4CF1-B684-186D0DBE1D2F}.Release|Any CPU.Build.0 = Release|iPhoneSimulator
		{2BE26B90-FE9E-4CF1-B684-186D0DBE1D2F}.Release|iPhone.ActiveCfg = Release|iPhone
		{2BE26B90-FE9E-4CF1-B684-186D0DBE1D2F}.Release|iPhone.Build.0 = Release|iPhone
		{2BE26B90-FE9E-4CF1-B684-186D0DBE1D2F}.Release|iPhoneSimulator.ActiveCfg = Release|iPhoneSimulator
		{2BE26B90-FE9E-4CF1-B684-186D0DBE1D2F}.Release|iPhoneSimulator.Build.0 = Release|iPhoneSimulator
		{975D5D41-6055-46EF-BE1A-5AB2B4B284B2}.Debug|Any CPU.ActiveCfg = Debug|Any CPU
		{975D5D41-6055-46EF-BE1A-5AB2B4B284B2}.Debug|Any CPU.Build.0 = Debug|Any CPU
		{975D5D41-6055-46EF-BE1A-5AB2B4B284B2}.Debug|iPhone.ActiveCfg = Debug|Any CPU
		{975D5D41-6055-46EF-BE1A-5AB2B4B284B2}.Debug|iPhone.Build.0 = Debug|Any CPU
		{975D5D41-6055-46EF-BE1A-5AB2B4B284B2}.Debug|iPhoneSimulator.ActiveCfg = Debug|Any CPU
		{975D5D41-6055-46EF-BE1A-5AB2B4B284B2}.Debug|iPhoneSimulator.Build.0 = Debug|Any CPU
		{975D5D41-6055-46EF-BE1A-5AB2B4B284B2}.Release|Any CPU.ActiveCfg = Release|Any CPU
		{975D5D41-6055-46EF-BE1A-5AB2B4B284B2}.Release|Any CPU.Build.0 = Release|Any CPU
		{975D5D41-6055-46EF-BE1A-5AB2B4B284B2}.Release|iPhone.ActiveCfg = Release|Any CPU
		{975D5D41-6055-46EF-BE1A-5AB2B4B284B2}.Release|iPhone.Build.0 = Release|Any CPU
		{975D5D41-6055-46EF-BE1A-5AB2B4B284B2}.Release|iPhoneSimulator.ActiveCfg = Release|Any CPU
		{975D5D41-6055-46EF-BE1A-5AB2B4B284B2}.Release|iPhoneSimulator.Build.0 = Release|Any CPU
	EndGlobalSection
	GlobalSection(SolutionProperties) = preSolution
		HideSolutionNode = FALSE
	EndGlobalSection
	GlobalSection(ExtensibilityGlobals) = postSolution
		SolutionGuid = {B7269529-32CC-42C6-AB34-C4F9713C0810}
	EndGlobalSection
EndGlobal
